
Microsoft Visual Studio Solution File, Format Version 12.00
# Visual Studio Version 17
VisualStudioVersion = 17.8.34525.116
MinimumVisualStudioVersion = 10.0.40219.1
Project("{FAE04EC0-301F-11D3-BF4B-00C04F79EFBC}") = "BE-CRUDLibros", "BE-CRUDLibros\BE-CRUDLibros.csproj", "{659AE5C6-5D8F-40C8-A16C-B3197CFFAADC}"
EndProject
Global
	GlobalSection(SolutionConfigurationPlatforms) = preSolution
		Debug|Any CPU = Debug|Any CPU
		Release|Any CPU = Release|Any CPU
	EndGlobalSection
	GlobalSection(ProjectConfigurationPlatforms) = postSolution
		{659AE5C6-5D8F-40C8-A16C-B3197CFFAADC}.Debug|Any CPU.ActiveCfg = Debug|Any CPU
		{659AE5C6-5D8F-40C8-A16C-B3197CFFAADC}.Debug|Any CPU.Build.0 = Debug|Any CPU
		{659AE5C6-5D8F-40C8-A16C-B3197CFFAADC}.Release|Any CPU.ActiveCfg = Release|Any CPU
		{659AE5C6-5D8F-40C8-A16C-B3197CFFAADC}.Release|Any CPU.Build.0 = Release|Any CPU
	EndGlobalSection
	GlobalSection(SolutionProperties) = preSolution
		HideSolutionNode = FALSE
	EndGlobalSection
	GlobalSection(ExtensibilityGlobals) = postSolution
		SolutionGuid = {2A2B8539-B85B-414F-BF16-AF22D666243A}
	EndGlobalSection
EndGlobal
